{
  "version": 4,
  "terraform_version": "1.7.3",
  "serial": 44,
  "lineage": "84faa99e-e265-4859-8d09-99fe67ceb435",
  "outputs": {},
  "resources": [
    {
      "mode": "managed",
      "type": "azurerm_linux_virtual_machine",
      "name": "jj-vm",
      "provider": "provider[\"registry.terraform.io/hashicorp/azurerm\"]",
      "instances": [
        {
          "schema_version": 0,
          "attributes": {
            "additional_capabilities": [],
            "admin_password": null,
            "admin_ssh_key": [
              {
                "public_key": "ssh-rsa AAAAB3NzaC1yc2EAAAADAQABAAABgQCLLe+3XERUrLUQOH6aYmhrV95epYQy8llkLudosjX2eoF0U85eK7TMyNL+qxFv3bFoQibLgyma4XuC76l35Xqs9MkRnSvbl/KDA5YaCeQBJnV5raEyJAk2JQWWHPPQuocXm2KTzCFnCNZaQkM2V2AvxD3FlY849/mxY9EQpOGYNOanp+ER3DGQrvrui0tDRuQbF1FpcEGcp0rZERC1yumRXGi4nzRN/hhkaWAdkH1grUgZfIZ59fQO3OFmEcUU74pYFAwDCCKUToDvG2oHZCbtsFr9JE54Xmb32G5sooErtCBYRuCytMjXUs+/+wgMPcq9UYnzM1zGZnza18y6iBFw2y72b+ykLGbwvPbyBa3ceCux9z7UezehMSRBrt8f8MuHM4aHnx8RACdxSEvKMuTOLG6aB5xzAqe3hRC37o4U448T7wKd79IJt6fTgGmy2MtkRIbACSmQOWpUtc2Nu3zHUfBZmKPyQj7FEQy7fCMzebB2TszpEtOshgTe7fJYrA8= jermaine@jermaine-ThinkPad-T14-Gen-1\n",
                "username": "adminuser"
              }
            ],
            "admin_username": "adminuser",
            "allow_extension_operations": true,
            "availability_set_id": "",
            "boot_diagnostics": [],
            "computer_name": "jj-vm",
            "custom_data": null,
            "dedicated_host_group_id": "",
            "dedicated_host_id": "",
            "disable_password_authentication": true,
            "edge_zone": "",
            "encryption_at_host_enabled": false,
            "eviction_policy": "",
            "extensions_time_budget": "PT1H30M",
            "id": "/subscriptions/0242634e-f513-4c94-bdb7-5be70d3bc009/resourceGroups/jj-resources/providers/Microsoft.Compute/virtualMachines/jj-vm",
            "identity": [],
            "license_type": "",
            "location": "westeurope",
            "max_bid_price": -1,
            "name": "jj-vm",
            "network_interface_ids": [
              "/subscriptions/0242634e-f513-4c94-bdb7-5be70d3bc009/resourceGroups/jj-resources/providers/Microsoft.Network/networkInterfaces/jj-nic"
            ],
            "os_disk": [
              {
                "caching": "ReadWrite",
                "diff_disk_settings": [],
                "disk_encryption_set_id": "",
                "disk_size_gb": 30,
                "name": "jj-vm_OsDisk_1_ad8e3b5b73c34ced8b41c3e81c9b7edd",
                "storage_account_type": "Standard_LRS",
                "write_accelerator_enabled": false
              }
            ],
            "patch_mode": "ImageDefault",
            "plan": [],
            "platform_fault_domain": -1,
            "priority": "Regular",
            "private_ip_address": "10.123.1.4",
            "private_ip_addresses": [
              "10.123.1.4"
            ],
            "provision_vm_agent": true,
            "proximity_placement_group_id": "",
            "public_ip_address": "137.117.174.153",
            "public_ip_addresses": [
              "137.117.174.153"
            ],
            "resource_group_name": "jj-resources",
            "secret": [],
            "secure_boot_enabled": false,
            "size": "Standard_F2",
            "source_image_id": "",
            "source_image_reference": [
              {
                "offer": "UbuntuServer",
                "publisher": "Canonical",
                "sku": "18.04-lts",
                "version": "latest"
              }
            ],
            "tags": {
              "environment": "dev"
            },
            "termination_notification": null,
            "timeouts": null,
            "user_data": "",
            "virtual_machine_id": "644df17c-277e-45c4-ba66-a3446843c4d6",
            "virtual_machine_scale_set_id": "",
            "vtpm_enabled": false,
            "zone": ""
          },
          "sensitive_attributes": [],
          "private": "eyJlMmJmYjczMC1lY2FhLTExZTYtOGY4OC0zNDM2M2JjN2M0YzAiOnsiY3JlYXRlIjoyNzAwMDAwMDAwMDAwLCJkZWxldGUiOjI3MDAwMDAwMDAwMDAsInJlYWQiOjMwMDAwMDAwMDAwMCwidXBkYXRlIjoyNzAwMDAwMDAwMDAwfX0=",
          "dependencies": [
            "azurerm_network_interface.jj-nic",
            "azurerm_public_ip.jj-ip",
            "azurerm_resource_group.jj-rg",
            "azurerm_subnet.jj-subnet",
            "azurerm_virtual_network.jj-vm"
          ]
        }
      ]
    },
    {
      "mode": "managed",
      "type": "azurerm_network_interface",
      "name": "jj-nic",
      "provider": "provider[\"registry.terraform.io/hashicorp/azurerm\"]",
      "instances": [
        {
          "schema_version": 0,
          "attributes": {
            "applied_dns_servers": [],
            "dns_servers": [],
            "edge_zone": "",
            "enable_accelerated_networking": false,
            "enable_ip_forwarding": false,
            "id": "/subscriptions/0242634e-f513-4c94-bdb7-5be70d3bc009/resourceGroups/jj-resources/providers/Microsoft.Network/networkInterfaces/jj-nic",
            "internal_dns_name_label": "",
            "internal_domain_name_suffix": "de3mrvftm0wedddoq4rvdsyn1a.ax.internal.cloudapp.net",
            "ip_configuration": [
              {
                "gateway_load_balancer_frontend_ip_configuration_id": "",
                "name": "internal",
                "primary": true,
                "private_ip_address": "10.123.1.4",
                "private_ip_address_allocation": "Dynamic",
                "private_ip_address_version": "IPv4",
                "public_ip_address_id": "/subscriptions/0242634e-f513-4c94-bdb7-5be70d3bc009/resourceGroups/jj-resources/providers/Microsoft.Network/publicIPAddresses/jj-ip",
                "subnet_id": "/subscriptions/0242634e-f513-4c94-bdb7-5be70d3bc009/resourceGroups/jj-resources/providers/Microsoft.Network/virtualNetworks/jj-network/subnets/jj-subnet"
              }
            ],
            "location": "westeurope",
            "mac_address": "",
            "name": "jj-nic",
            "private_ip_address": "10.123.1.4",
            "private_ip_addresses": [
              "10.123.1.4"
            ],
            "resource_group_name": "jj-resources",
            "tags": {
              "environment": "dev"
            },
            "timeouts": null,
            "virtual_machine_id": ""
          },
          "sensitive_attributes": [],
          "private": "eyJlMmJmYjczMC1lY2FhLTExZTYtOGY4OC0zNDM2M2JjN2M0YzAiOnsiY3JlYXRlIjoxODAwMDAwMDAwMDAwLCJkZWxldGUiOjE4MDAwMDAwMDAwMDAsInJlYWQiOjMwMDAwMDAwMDAwMCwidXBkYXRlIjoxODAwMDAwMDAwMDAwfX0=",
          "dependencies": [
            "azurerm_public_ip.jj-ip",
            "azurerm_resource_group.jj-rg",
            "azurerm_subnet.jj-subnet",
            "azurerm_virtual_network.jj-vm"
          ]
        }
      ]
    },
    {
      "mode": "managed",
      "type": "azurerm_network_security_group",
      "name": "jj-sg",
      "provider": "provider[\"registry.terraform.io/hashicorp/azurerm\"]",
      "instances": [
        {
          "schema_version": 0,
          "attributes": {
            "id": "/subscriptions/0242634e-f513-4c94-bdb7-5be70d3bc009/resourceGroups/jj-resources/providers/Microsoft.Network/networkSecurityGroups/jj-sg",
            "location": "westeurope",
            "name": "jj-sg",
            "resource_group_name": "jj-resources",
            "security_rule": [],
            "tags": {
              "evironment": "dev"
            },
            "timeouts": null
          },
          "sensitive_attributes": [],
          "private": "eyJlMmJmYjczMC1lY2FhLTExZTYtOGY4OC0zNDM2M2JjN2M0YzAiOnsiY3JlYXRlIjoxODAwMDAwMDAwMDAwLCJkZWxldGUiOjE4MDAwMDAwMDAwMDAsInJlYWQiOjMwMDAwMDAwMDAwMCwidXBkYXRlIjoxODAwMDAwMDAwMDAwfX0=",
          "dependencies": [
            "azurerm_resource_group.jj-rg"
          ]
        }
      ]
    },
    {
      "mode": "managed",
      "type": "azurerm_network_security_rule",
      "name": "jj-dev-rule",
      "provider": "provider[\"registry.terraform.io/hashicorp/azurerm\"]",
      "instances": [
        {
          "schema_version": 0,
          "attributes": {
            "access": "Allow",
            "description": "",
            "destination_address_prefix": "*",
            "destination_address_prefixes": null,
            "destination_application_security_group_ids": null,
            "destination_port_range": "*",
            "destination_port_ranges": null,
            "direction": "Inbound",
            "id": "/subscriptions/0242634e-f513-4c94-bdb7-5be70d3bc009/resourceGroups/jj-resources/providers/Microsoft.Network/networkSecurityGroups/jj-sg/securityRules/jj-dev-rule",
            "name": "jj-dev-rule",
            "network_security_group_name": "jj-sg",
            "priority": 100,
            "protocol": "*",
            "resource_group_name": "jj-resources",
            "source_address_prefix": "*",
            "source_address_prefixes": null,
            "source_application_security_group_ids": null,
            "source_port_range": "*",
            "source_port_ranges": null,
            "timeouts": null
          },
          "sensitive_attributes": [],
          "private": "eyJlMmJmYjczMC1lY2FhLTExZTYtOGY4OC0zNDM2M2JjN2M0YzAiOnsiY3JlYXRlIjoxODAwMDAwMDAwMDAwLCJkZWxldGUiOjE4MDAwMDAwMDAwMDAsInJlYWQiOjMwMDAwMDAwMDAwMCwidXBkYXRlIjoxODAwMDAwMDAwMDAwfX0=",
          "dependencies": [
            "azurerm_network_security_group.jj-sg",
            "azurerm_resource_group.jj-rg"
          ]
        }
      ]
    },
    {
      "mode": "managed",
      "type": "azurerm_public_ip",
      "name": "jj-ip",
      "provider": "provider[\"registry.terraform.io/hashicorp/azurerm\"]",
      "instances": [
        {
          "schema_version": 0,
          "attributes": {
            "allocation_method": "Dynamic",
            "domain_name_label": null,
            "edge_zone": "",
            "fqdn": null,
            "id": "/subscriptions/0242634e-f513-4c94-bdb7-5be70d3bc009/resourceGroups/jj-resources/providers/Microsoft.Network/publicIPAddresses/jj-ip",
            "idle_timeout_in_minutes": 4,
            "ip_address": "",
            "ip_tags": null,
            "ip_version": "IPv4",
            "location": "westeurope",
            "name": "jj-ip",
            "public_ip_prefix_id": null,
            "resource_group_name": "jj-resources",
            "reverse_fqdn": null,
            "sku": "Basic",
            "sku_tier": "Regional",
            "tags": {
              "environment": "dev"
            },
            "timeouts": null,
            "zones": null
          },
          "sensitive_attributes": [],
          "private": "eyJlMmJmYjczMC1lY2FhLTExZTYtOGY4OC0zNDM2M2JjN2M0YzAiOnsiY3JlYXRlIjoxODAwMDAwMDAwMDAwLCJkZWxldGUiOjE4MDAwMDAwMDAwMDAsInJlYWQiOjMwMDAwMDAwMDAwMCwidXBkYXRlIjoxODAwMDAwMDAwMDAwfX0=",
          "dependencies": [
            "azurerm_resource_group.jj-rg"
          ]
        }
      ]
    },
    {
      "mode": "managed",
      "type": "azurerm_resource_group",
      "name": "jj-rg",
      "provider": "provider[\"registry.terraform.io/hashicorp/azurerm\"]",
      "instances": [
        {
          "schema_version": 0,
          "attributes": {
            "id": "/subscriptions/0242634e-f513-4c94-bdb7-5be70d3bc009/resourceGroups/jj-resources",
            "location": "westeurope",
            "name": "jj-resources",
            "tags": {
              "environments": "dev"
            },
            "timeouts": null
          },
          "sensitive_attributes": [],
          "private": "eyJlMmJmYjczMC1lY2FhLTExZTYtOGY4OC0zNDM2M2JjN2M0YzAiOnsiY3JlYXRlIjo1NDAwMDAwMDAwMDAwLCJkZWxldGUiOjU0MDAwMDAwMDAwMDAsInJlYWQiOjMwMDAwMDAwMDAwMCwidXBkYXRlIjo1NDAwMDAwMDAwMDAwfX0="
        }
      ]
    },
    {
      "mode": "managed",
      "type": "azurerm_subnet",
      "name": "jj-subnet",
      "provider": "provider[\"registry.terraform.io/hashicorp/azurerm\"]",
      "instances": [
        {
          "schema_version": 0,
          "attributes": {
            "address_prefixes": [
              "10.123.1.0/24"
            ],
            "delegation": [],
            "enforce_private_link_endpoint_network_policies": false,
            "enforce_private_link_service_network_policies": false,
            "id": "/subscriptions/0242634e-f513-4c94-bdb7-5be70d3bc009/resourceGroups/jj-resources/providers/Microsoft.Network/virtualNetworks/jj-network/subnets/jj-subnet",
            "name": "jj-subnet",
            "resource_group_name": "jj-resources",
            "service_endpoint_policy_ids": null,
            "service_endpoints": null,
            "timeouts": null,
            "virtual_network_name": "jj-network"
          },
          "sensitive_attributes": [],
          "private": "eyJlMmJmYjczMC1lY2FhLTExZTYtOGY4OC0zNDM2M2JjN2M0YzAiOnsiY3JlYXRlIjoxODAwMDAwMDAwMDAwLCJkZWxldGUiOjE4MDAwMDAwMDAwMDAsInJlYWQiOjMwMDAwMDAwMDAwMCwidXBkYXRlIjoxODAwMDAwMDAwMDAwfX0=",
          "dependencies": [
            "azurerm_resource_group.jj-rg",
            "azurerm_virtual_network.jj-vm"
          ]
        }
      ]
    },
    {
      "mode": "managed",
      "type": "azurerm_subnet_network_security_group_association",
      "name": "jj-sga",
      "provider": "provider[\"registry.terraform.io/hashicorp/azurerm\"]",
      "instances": [
        {
          "schema_version": 0,
          "attributes": {
            "id": "/subscriptions/0242634e-f513-4c94-bdb7-5be70d3bc009/resourceGroups/jj-resources/providers/Microsoft.Network/virtualNetworks/jj-network/subnets/jj-subnet",
            "network_security_group_id": "/subscriptions/0242634e-f513-4c94-bdb7-5be70d3bc009/resourceGroups/jj-resources/providers/Microsoft.Network/networkSecurityGroups/jj-sg",
            "subnet_id": "/subscriptions/0242634e-f513-4c94-bdb7-5be70d3bc009/resourceGroups/jj-resources/providers/Microsoft.Network/virtualNetworks/jj-network/subnets/jj-subnet",
            "timeouts": null
          },
          "sensitive_attributes": [],
          "private": "eyJlMmJmYjczMC1lY2FhLTExZTYtOGY4OC0zNDM2M2JjN2M0YzAiOnsiY3JlYXRlIjoxODAwMDAwMDAwMDAwLCJkZWxldGUiOjE4MDAwMDAwMDAwMDAsInJlYWQiOjMwMDAwMDAwMDAwMCwidXBkYXRlIjoxODAwMDAwMDAwMDAwfX0=",
          "dependencies": [
            "azurerm_network_security_group.jj-sg",
            "azurerm_resource_group.jj-rg",
            "azurerm_subnet.jj-subnet",
            "azurerm_virtual_network.jj-vm"
          ]
        }
      ]
    },
    {
      "mode": "managed",
      "type": "azurerm_virtual_network",
      "name": "jj-vm",
      "provider": "provider[\"registry.terraform.io/hashicorp/azurerm\"]",
      "instances": [
        {
          "schema_version": 0,
          "attributes": {
            "address_space": [
              "10.123.0.0/16"
            ],
            "bgp_community": "",
            "ddos_protection_plan": [],
            "dns_servers": [],
            "edge_zone": "",
            "flow_timeout_in_minutes": 0,
            "guid": "d4c83a19-66b3-41ac-8c6e-87a351cb0dd8",
            "id": "/subscriptions/0242634e-f513-4c94-bdb7-5be70d3bc009/resourceGroups/jj-resources/providers/Microsoft.Network/virtualNetworks/jj-network",
            "location": "westeurope",
            "name": "jj-network",
            "resource_group_name": "jj-resources",
            "subnet": [],
            "tags": {
              "evironment": "dev"
            },
            "timeouts": null
          },
          "sensitive_attributes": [],
          "private": "eyJlMmJmYjczMC1lY2FhLTExZTYtOGY4OC0zNDM2M2JjN2M0YzAiOnsiY3JlYXRlIjoxODAwMDAwMDAwMDAwLCJkZWxldGUiOjE4MDAwMDAwMDAwMDAsInJlYWQiOjMwMDAwMDAwMDAwMCwidXBkYXRlIjoxODAwMDAwMDAwMDAwfX0=",
          "dependencies": [
            "azurerm_resource_group.jj-rg"
          ]
        }
      ]
    }
  ],
  "check_results": null
}
